
Microsoft Visual Studio Solution File, Format Version 12.00
# Visual Studio 15
Project("{FAE04EC0-301F-11D3-BF4B-00C04F79EFBC}") = "Assembly-CSharp", "Assembly-CSharp.csproj", "{79A113B0-3118-A186-E939-E7F24ADAF777}"
EndProject
Project("{FAE04EC0-301F-11D3-BF4B-00C04F79EFBC}") = "Assembly-CSharp-Editor", "Assembly-CSharp-Editor.csproj", "{CC70D2FF-27A2-ED7D-2308-6159468640C5}"
EndProject
Global
	GlobalSection(SolutionConfigurationPlatforms) = preSolution
		Debug|Any CPU = Debug|Any CPU
		Release|Any CPU = Release|Any CPU
	EndGlobalSection
	GlobalSection(ProjectConfigurationPlatforms) = postSolution
		{79A113B0-3118-A186-E939-E7F24ADAF777}.Debug|Any CPU.ActiveCfg = Debug|Any CPU
		{79A113B0-3118-A186-E939-E7F24ADAF777}.Debug|Any CPU.Build.0 = Debug|Any CPU
		{79A113B0-3118-A186-E939-E7F24ADAF777}.Release|Any CPU.ActiveCfg = Release|Any CPU
		{79A113B0-3118-A186-E939-E7F24ADAF777}.Release|Any CPU.Build.0 = Release|Any CPU
		{CC70D2FF-27A2-ED7D-2308-6159468640C5}.Debug|Any CPU.ActiveCfg = Debug|Any CPU
		{CC70D2FF-27A2-ED7D-2308-6159468640C5}.Debug|Any CPU.Build.0 = Debug|Any CPU
		{CC70D2FF-27A2-ED7D-2308-6159468640C5}.Release|Any CPU.ActiveCfg = Release|Any CPU
		{CC70D2FF-27A2-ED7D-2308-6159468640C5}.Release|Any CPU.Build.0 = Release|Any CPU
	EndGlobalSection
	GlobalSection(SolutionProperties) = preSolution
		HideSolutionNode = FALSE
	EndGlobalSection
EndGlobal
